
Microsoft Visual Studio Solution File, Format Version 12.00
# Visual Studio Version 16
VisualStudioVersion = 16.0.31911.196
MinimumVisualStudioVersion = 10.0.40219.1
Project("{FAE04EC0-301F-11D3-BF4B-00C04F79EFBC}") = "TestDotNetActions", "TestDotNetActions.csproj", "{C0951762-6973-47F5-B77F-336599DBDA17}"
EndProject
Global
	GlobalSection(SolutionConfigurationPlatforms) = preSolution
		Debug|Any CPU = Debug|Any CPU
		Release|Any CPU = Release|Any CPU
	EndGlobalSection
	GlobalSection(ProjectConfigurationPlatforms) = postSolution
		{C0951762-6973-47F5-B77F-336599DBDA17}.Debug|Any CPU.ActiveCfg = Debug|Any CPU
		{C0951762-6973-47F5-B77F-336599DBDA17}.Debug|Any CPU.Build.0 = Debug|Any CPU
		{C0951762-6973-47F5-B77F-336599DBDA17}.Release|Any CPU.ActiveCfg = Release|Any CPU
		{C0951762-6973-47F5-B77F-336599DBDA17}.Release|Any CPU.Build.0 = Release|Any CPU
	EndGlobalSection
	GlobalSection(SolutionProperties) = preSolution
		HideSolutionNode = FALSE
	EndGlobalSection
	GlobalSection(ExtensibilityGlobals) = postSolution
		SolutionGuid = {7748271E-EDF1-45B0-BA30-C36A1B29B776}
	EndGlobalSection
EndGlobal
